
Microsoft Visual Studio Solution File, Format Version 12.00
# Visual Studio 15
Project("{FAE04EC0-301F-11D3-BF4B-00C04F79EFBC}") = "Assembly-CSharp", "Assembly-CSharp.csproj", "{D063546F-99C2-D40B-22FD-9F044C13B84A}"
EndProject
Project("{FAE04EC0-301F-11D3-BF4B-00C04F79EFBC}") = "IJunior.ArrowBlocks.Plugins", "IJunior.ArrowBlocks.Plugins.csproj", "{3721004B-32B8-53A2-0E38-CE6B83A31802}"
EndProject
Project("{FAE04EC0-301F-11D3-BF4B-00C04F79EFBC}") = "Assembly-CSharp-Editor", "Assembly-CSharp-Editor.csproj", "{EC32F6E7-6326-39CF-2ADC-AAF5AD031817}"
EndProject
Global
	GlobalSection(SolutionConfigurationPlatforms) = preSolution
		Debug|Any CPU = Debug|Any CPU
		Release|Any CPU = Release|Any CPU
	EndGlobalSection
	GlobalSection(ProjectConfigurationPlatforms) = postSolution
		{D063546F-99C2-D40B-22FD-9F044C13B84A}.Debug|Any CPU.ActiveCfg = Debug|Any CPU
		{D063546F-99C2-D40B-22FD-9F044C13B84A}.Debug|Any CPU.Build.0 = Debug|Any CPU
		{D063546F-99C2-D40B-22FD-9F044C13B84A}.Release|Any CPU.ActiveCfg = Release|Any CPU
		{D063546F-99C2-D40B-22FD-9F044C13B84A}.Release|Any CPU.Build.0 = Release|Any CPU
		{3721004B-32B8-53A2-0E38-CE6B83A31802}.Debug|Any CPU.ActiveCfg = Debug|Any CPU
		{3721004B-32B8-53A2-0E38-CE6B83A31802}.Debug|Any CPU.Build.0 = Debug|Any CPU
		{3721004B-32B8-53A2-0E38-CE6B83A31802}.Release|Any CPU.ActiveCfg = Release|Any CPU
		{3721004B-32B8-53A2-0E38-CE6B83A31802}.Release|Any CPU.Build.0 = Release|Any CPU
		{EC32F6E7-6326-39CF-2ADC-AAF5AD031817}.Debug|Any CPU.ActiveCfg = Debug|Any CPU
		{EC32F6E7-6326-39CF-2ADC-AAF5AD031817}.Debug|Any CPU.Build.0 = Debug|Any CPU
		{EC32F6E7-6326-39CF-2ADC-AAF5AD031817}.Release|Any CPU.ActiveCfg = Release|Any CPU
		{EC32F6E7-6326-39CF-2ADC-AAF5AD031817}.Release|Any CPU.Build.0 = Release|Any CPU
	EndGlobalSection
	GlobalSection(SolutionProperties) = preSolution
		HideSolutionNode = FALSE
	EndGlobalSection
EndGlobal
